// !$*UTF8*$!
{
	archiveVersion = 1;
	classes = {
	};
	objectVersion = 50;
	objects = {

/* Begin PBXBuildFile section */
		8CDDB27921FBE074004A5795 /* AppDelegate.swift in Sources */ = {isa = PBXBuildFile; fileRef = 8CDDB27821FBE074004A5795 /* AppDelegate.swift */; };
		8CDDB27B21FBE074004A5795 /* ViewController.swift in Sources */ = {isa = PBXBuildFile; fileRef = 8CDDB27A21FBE074004A5795 /* ViewController.swift */; };
		8CDDB27E21FBE074004A5795 /* Main.storyboard in Resources */ = {isa = PBXBuildFile; fileRef = 8CDDB27C21FBE074004A5795 /* Main.storyboard */; };
		8CDDB28021FBE076004A5795 /* Assets.xcassets in Resources */ = {isa = PBXBuildFile; fileRef = 8CDDB27F21FBE076004A5795 /* Assets.xcassets */; };
		8CDDB28321FBE076004A5795 /* LaunchScreen.storyboard in Resources */ = {isa = PBXBuildFile; fileRef = 8CDDB28121FBE076004A5795 /* LaunchScreen.storyboard */; };
		8CDDB28B21FBF3EF004A5795 /* Coordinator.swift in Sources */ = {isa = PBXBuildFile; fileRef = 8CDDB28A21FBF3EF004A5795 /* Coordinator.swift */; };
		8CDDB28D21FBF43B004A5795 /* Storyboarded.swift in Sources */ = {isa = PBXBuildFile; fileRef = 8CDDB28C21FBF43B004A5795 /* Storyboarded.swift */; };
		8CDDB28F21FBF5BF004A5795 /* MainCoordinator.swift in Sources */ = {isa = PBXBuildFile; fileRef = 8CDDB28E21FBF5BF004A5795 /* MainCoordinator.swift */; };
		8CDDB29121FBF7CA004A5795 /* BuyViewController.swift in Sources */ = {isa = PBXBuildFile; fileRef = 8CDDB29021FBF7CA004A5795 /* BuyViewController.swift */; };
		8CDDB29321FBF7E1004A5795 /* CreateAccountViewController.swift in Sources */ = {isa = PBXBuildFile; fileRef = 8CDDB29221FBF7E1004A5795 /* CreateAccountViewController.swift */; };
/* End PBXBuildFile section */

/* Begin PBXFileReference section */
		8CDDB27521FBE074004A5795 /* Coordinators Continued.app */ = {isa = PBXFileReference; explicitFileType = wrapper.application; includeInIndex = 0; path = "Coordinators Continued.app"; sourceTree = BUILT_PRODUCTS_DIR; };
		8CDDB27821FBE074004A5795 /* AppDelegate.swift */ = {isa = PBXFileReference; lastKnownFileType = sourcecode.swift; path = AppDelegate.swift; sourceTree = "<group>"; };
		8CDDB27A21FBE074004A5795 /* ViewController.swift */ = {isa = PBXFileReference; lastKnownFileType = sourcecode.swift; path = ViewController.swift; sourceTree = "<group>"; };
		8CDDB27D21FBE074004A5795 /* Base */ = {isa = PBXFileReference; lastKnownFileType = file.storyboard; name = Base; path = Base.lproj/Main.storyboard; sourceTree = "<group>"; };
		8CDDB27F21FBE076004A5795 /* Assets.xcassets */ = {isa = PBXFileReference; lastKnownFileType = folder.assetcatalog; path = Assets.xcassets; sourceTree = "<group>"; };
		8CDDB28221FBE076004A5795 /* Base */ = {isa = PBXFileReference; lastKnownFileType = file.storyboard; name = Base; path = Base.lproj/LaunchScreen.storyboard; sourceTree = "<group>"; };
		8CDDB28421FBE076004A5795 /* Info.plist */ = {isa = PBXFileReference; lastKnownFileType = text.plist.xml; path = Info.plist; sourceTree = "<group>"; };
		8CDDB28A21FBF3EF004A5795 /* Coordinator.swift */ = {isa = PBXFileReference; lastKnownFileType = sourcecode.swift; path = Coordinator.swift; sourceTree = "<group>"; };
		8CDDB28C21FBF43B004A5795 /* Storyboarded.swift */ = {isa = PBXFileReference; lastKnownFileType = sourcecode.swift; path = Storyboarded.swift; sourceTree = "<group>"; };
		8CDDB28E21FBF5BF004A5795 /* MainCoordinator.swift */ = {isa = PBXFileReference; lastKnownFileType = sourcecode.swift; path = MainCoordinator.swift; sourceTree = "<group>"; };
		8CDDB29021FBF7CA004A5795 /* BuyViewController.swift */ = {isa = PBXFileReference; lastKnownFileType = sourcecode.swift; path = BuyViewController.swift; sourceTree = "<group>"; };
		8CDDB29221FBF7E1004A5795 /* CreateAccountViewController.swift */ = {isa = PBXFileReference; lastKnownFileType = sourcecode.swift; path = CreateAccountViewController.swift; sourceTree = "<group>"; };
/* End PBXFileReference section */

/* Begin PBXFrameworksBuildPhase section */
		8CDDB27221FBE074004A5795 /* Frameworks */ = {
			isa = PBXFrameworksBuildPhase;
			buildActionMask = 2147483647;
			files = (
			);
			runOnlyForDeploymentPostprocessing = 0;
		};
/* End PBXFrameworksBuildPhase section */

/* Begin PBXGroup section */
		8CDDB26C21FBE074004A5795 = {
			isa = PBXGroup;
			children = (
				8CDDB27721FBE074004A5795 /* Coordinators Continued */,
				8CDDB27621FBE074004A5795 /* Products */,
			);
			sourceTree = "<group>";
		};
		8CDDB27621FBE074004A5795 /* Products */ = {
			isa = PBXGroup;
			children = (
				8CDDB27521FBE074004A5795 /* Coordinators Continued.app */,
			);
			name = Products;
			sourceTree = "<group>";
		};
		8CDDB27721FBE074004A5795 /* Coordinators Continued */ = {
			isa = PBXGroup;
			children = (
				8CDDB27821FBE074004A5795 /* AppDelegate.swift */,
				8CDDB28C21FBF43B004A5795 /* Storyboarded.swift */,
				8CDDB28A21FBF3EF004A5795 /* Coordinator.swift */,
				8CDDB28E21FBF5BF004A5795 /* MainCoordinator.swift */,
				8CDDB27A21FBE074004A5795 /* ViewController.swift */,
				8CDDB29021FBF7CA004A5795 /* BuyViewController.swift */,
				8CDDB29221FBF7E1004A5795 /* CreateAccountViewController.swift */,
				8CDDB27C21FBE074004A5795 /* Main.storyboard */,
				8CDDB27F21FBE076004A5795 /* Assets.xcassets */,
				8CDDB28121FBE076004A5795 /* LaunchScreen.storyboard */,
				8CDDB28421FBE076004A5795 /* Info.plist */,
			);
			path = "Coordinators Continued";
			sourceTree = "<group>";
		};
/* End PBXGroup section */

/* Begin PBXNativeTarget section */
		8CDDB27421FBE074004A5795 /* Coordinators Continued */ = {
			isa = PBXNativeTarget;
			buildConfigurationList = 8CDDB28721FBE076004A5795 /* Build configuration list for PBXNativeTarget "Coordinators Continued" */;
			buildPhases = (
				8CDDB27121FBE074004A5795 /* Sources */,
				8CDDB27221FBE074004A5795 /* Frameworks */,
				8CDDB27321FBE074004A5795 /* Resources */,
			);
			buildRules = (
			);
			dependencies = (
			);
			name = "Coordinators Continued";
			productName = "Coordinators Continued";
			productReference = 8CDDB27521FBE074004A5795 /* Coordinators Continued.app */;
			productType = "com.apple.product-type.application";
		};
/* End PBXNativeTarget section */

/* Begin PBXProject section */
		8CDDB26D21FBE074004A5795 /* Project object */ = {
			isa = PBXProject;
			attributes = {
				LastSwiftUpdateCheck = 1010;
				LastUpgradeCheck = 1010;
				ORGANIZATIONNAME = "Charles Martin Reed";
				TargetAttributes = {
					8CDDB27421FBE074004A5795 = {
						CreatedOnToolsVersion = 10.1;
					};
				};
			};
			buildConfigurationList = 8CDDB27021FBE074004A5795 /* Build configuration list for PBXProject "Coordinators Continued" */;
			compatibilityVersion = "Xcode 9.3";
			developmentRegion = en;
			hasScannedForEncodings = 0;
			knownRegions = (
				en,
				Base,
			);
			mainGroup = 8CDDB26C21FBE074004A5795;
			productRefGroup = 8CDDB27621FBE074004A5795 /* Products */;
			projectDirPath = "";
			projectRoot = "";
			targets = (
				8CDDB27421FBE074004A5795 /* Coordinators Continued */,
			);
		};
/* End PBXProject section */

/* Begin PBXResourcesBuildPhase section */
		8CDDB27321FBE074004A5795 /* Resources */ = {
			isa = PBXResourcesBuildPhase;
			buildActionMask = 2147483647;
			files = (
				8CDDB28321FBE076004A5795 /* LaunchScreen.storyboard in Resources */,
				8CDDB28021FBE076004A5795 /* Assets.xcassets in Resources */,
				8CDDB27E21FBE074004A5795 /* Main.storyboard in Resources */,
			);
			runOnlyForDeploymentPostprocessing = 0;
		};
/* End PBXResourcesBuildPhase section */

/* Begin PBXSourcesBuildPhase section */
		8CDDB27121FBE074004A5795 /* Sources */ = {
			isa = PBXSourcesBuildPhase;
			buildActionMask = 2147483647;
			files = (
				8CDDB29321FBF7E1004A5795 /* CreateAccountViewController.swift in Sources */,
				8CDDB27B21FBE074004A5795 /* ViewController.swift in Sources */,
				8CDDB27921FBE074004A5795 /* AppDelegate.swift in Sources */,
				8CDDB28B21FBF3EF004A5795 /* Coordinator.swift in Sources */,
				8CDDB28F21FBF5BF004A5795 /* MainCoordinator.swift in Sources */,
				8CDDB28D21FBF43B004A5795 /* Storyboarded.swift in Sources */,
				8CDDB29121FBF7CA004A5795 /* BuyViewController.swift in Sources */,
			);
			runOnlyForDeploymentPostprocessing = 0;
		};
/* End PBXSourcesBuildPhase section */

/* Begin PBXVariantGroup section */
		8CDDB27C21FBE074004A5795 /* Main.storyboard */ = {
			isa = PBXVariantGroup;
			children = (
				8CDDB27D21FBE074004A5795 /* Base */,
			);
			name = Main.storyboard;
			sourceTree = "<group>";
		};
		8CDDB28121FBE076004A5795 /* LaunchScreen.storyboard */ = {
			isa = PBXVariantGroup;
			children = (
				8CDDB28221FBE076004A5795 /* Base */,
			);
			name = LaunchScreen.storyboard;
			sourceTree = "<group>";
		};
/* End PBXVariantGroup section */

/* Begin XCBuildConfiguration section */
		8CDDB28521FBE076004A5795 /* Debug */ = {
			isa = XCBuildConfiguration;
			buildSettings = {
				ALWAYS_SEARCH_USER_PATHS = NO;
				CLANG_ANALYZER_NONNULL = YES;
				CLANG_ANALYZER_NUMBER_OBJECT_CONVERSION = YES_AGGRESSIVE;
				CLANG_CXX_LANGUAGE_STANDARD = "gnu++14";
				CLANG_CXX_LIBRARY = "libc++";
				CLANG_ENABLE_MODULES = YES;
				CLANG_ENABLE_OBJC_ARC = YES;
				CLANG_ENABLE_OBJC_WEAK = YES;
				CLANG_WARN_BLOCK_CAPTURE_AUTORELEASING = YES;
				CLANG_WARN_BOOL_CONVERSION = YES;
				CLANG_WARN_COMMA = YES;
				CLANG_WARN_CONSTANT_CONVERSION = YES;
				CLANG_WARN_DEPRECATED_OBJC_IMPLEMENTATIONS = YES;
				CLANG_WARN_DIRECT_OBJC_ISA_USAGE = YES_ERROR;
				CLANG_WARN_DOCUMENTATION_COMMENTS = YES;
				CLANG_WARN_EMPTY_BODY = YES;
				CLANG_WARN_ENUM_CONVERSION = YES;
				CLANG_WARN_INFINITE_RECURSION = YES;
				CLANG_WARN_INT_CONVERSION = YES;
				CLANG_WARN_NON_LITERAL_NULL_CONVERSION = YES;
				CLANG_WARN_OBJC_IMPLICIT_RETAIN_SELF = YES;
				CLANG_WARN_OBJC_LITERAL_CONVERSION = YES;
				CLANG_WARN_OBJC_ROOT_CLASS = YES_ERROR;
				CLANG_WARN_RANGE_LOOP_ANALYSIS = YES;
				CLANG_WARN_STRICT_PROTOTYPES = YES;
				CLANG_WARN_SUSPICIOUS_MOVE = YES;
				CLANG_WARN_UNGUARDED_AVAILABILITY = YES_AGGRESSIVE;
				CLANG_WARN_UNREACHABLE_CODE = YES;
				CLANG_WARN__DUPLICATE_METHOD_MATCH = YES;
				CODE_SIGN_IDENTITY = "iPhone Developer";
				COPY_PHASE_STRIP = NO;
				DEBUG_INFORMATION_FORMAT = dwarf;
				ENABLE_STRICT_OBJC_MSGSEND = YES;
				ENABLE_TESTABILITY = YES;
				GCC_C_LANGUAGE_STANDARD = gnu11;
				GCC_DYNAMIC_NO_PIC = NO;
				GCC_NO_COMMON_BLOCKS = YES;
				GCC_OPTIMIZATION_LEVEL = 0;
				GCC_PREPROCESSOR_DEFINITIONS = (
					"DEBUG=1",
					"$(inherited)",
				);
				GCC_WARN_64_TO_32_BIT_CONVERSION = YES;
				GCC_WARN_ABOUT_RETURN_TYPE = YES_ERROR;
				GCC_WARN_UNDECLARED_SELECTOR = YES;
				GCC_WARN_UNINITIALIZED_AUTOS = YES_AGGRESSIVE;
				GCC_WARN_UNUSED_FUNCTION = YES;
				GCC_WARN_UNUSED_VARIABLE = YES;
				IPHONEOS_DEPLOYMENT_TARGET = 12.1;
				MTL_ENABLE_DEBUG_INFO = INCLUDE_SOURCE;
				MTL_FAST_MATH = YES;
				ONLY_ACTIVE_ARCH = YES;
				SDKROOT = iphoneos;
				SWIFT_ACTIVE_COMPILATION_CONDITIONS = DEBUG;
				SWIFT_OPTIMIZATION_LEVEL = "-Onone";
			};
			name = Debug;
		};
		8CDDB28621FBE076004A5795 /* Release */ = {
			isa = XCBuildConfiguration;
			buildSettings = {
				ALWAYS_SEARCH_USER_PATHS = NO;
				CLANG_ANALYZER_NONNULL = YES;
				CLANG_ANALYZER_NUMBER_OBJECT_CONVERSION = YES_AGGRESSIVE;
				CLANG_CXX_LANGUAGE_STANDARD = "gnu++14";
				CLANG_CXX_LIBRARY = "libc++";
				CLANG_ENABLE_MODULES = YES;
				CLANG_ENABLE_OBJC_ARC = YES;
				CLANG_ENABLE_OBJC_WEAK = YES;
				CLANG_WARN_BLOCK_CAPTURE_AUTORELEASING = YES;
				CLANG_WARN_BOOL_CONVERSION = YES;
				CLANG_WARN_COMMA = YES;
				CLANG_WARN_CONSTANT_CONVERSION = YES;
				CLANG_WARN_DEPRECATED_OBJC_IMPLEMENTATIONS = YES;
				CLANG_WARN_DIRECT_OBJC_ISA_USAGE = YES_ERROR;
				CLANG_WARN_DOCUMENTATION_COMMENTS = YES;
				CLANG_WARN_EMPTY_BODY = YES;
				CLANG_WARN_ENUM_CONVERSION = YES;
				CLANG_WARN_INFINITE_RECURSION = YES;
				CLANG_WARN_INT_CONVERSION = YES;
				CLANG_WARN_NON_LITERAL_NULL_CONVERSION = YES;
				CLANG_WARN_OBJC_IMPLICIT_RETAIN_SELF = YES;
				CLANG_WARN_OBJC_LITERAL_CONVERSION = YES;
				CLANG_WARN_OBJC_ROOT_CLASS = YES_ERROR;
				CLANG_WARN_RANGE_LOOP_ANALYSIS = YES;
				CLANG_WARN_STRICT_PROTOTYPES = YES;
				CLANG_WARN_SUSPICIOUS_MOVE = YES;
				CLANG_WARN_UNGUARDED_AVAILABILITY = YES_AGGRESSIVE;
				CLANG_WARN_UNREACHABLE_CODE = YES;
				CLANG_WARN__DUPLICATE_METHOD_MATCH = YES;
				CODE_SIGN_IDENTITY = "iPhone Developer";
				COPY_PHASE_STRIP = NO;
				DEBUG_INFORMATION_FORMAT = "dwarf-with-dsym";
				ENABLE_NS_ASSERTIONS = NO;
				ENABLE_STRICT_OBJC_MSGSEND = YES;
				GCC_C_LANGUAGE_STANDARD = gnu11;
				GCC_NO_COMMON_BLOCKS = YES;
				GCC_WARN_64_TO_32_BIT_CONVERSION = YES;
				GCC_WARN_ABOUT_RETURN_TYPE = YES_ERROR;
				GCC_WARN_UNDECLARED_SELECTOR = YES;
				GCC_WARN_UNINITIALIZED_AUTOS = YES_AGGRESSIVE;
				GCC_WARN_UNUSED_FUNCTION = YES;
				GCC_WARN_UNUSED_VARIABLE = YES;
				IPHONEOS_DEPLOYMENT_TARGET = 12.1;
				MTL_ENABLE_DEBUG_INFO = NO;
				MTL_FAST_MATH = YES;
				SDKROOT = iphoneos;
				SWIFT_COMPILATION_MODE = wholemodule;
				SWIFT_OPTIMIZATION_LEVEL = "-O";
				VALIDATE_PRODUCT = YES;
			};
			name = Release;
		};
		8CDDB28821FBE076004A5795 /* Debug */ = {
			isa = XCBuildConfiguration;
			buildSettings = {
				ASSETCATALOG_COMPILER_APPICON_NAME = AppIcon;
				CODE_SIGN_STYLE = Automatic;
				INFOPLIST_FILE = "Coordinators Continued/Info.plist";
				LD_RUNPATH_SEARCH_PATHS = (
					"$(inherited)",
					"@executable_path/Frameworks",
				);
				PRODUCT_BUNDLE_IDENTIFIER = "com.charlesmartinreed.Coordinators-Continued";
				PRODUCT_NAME = "$(TARGET_NAME)";
				SWIFT_VERSION = 4.2;
				TARGETED_DEVICE_FAMILY = "1,2";
			};
			name = Debug;
		};
		8CDDB28921FBE076004A5795 /* Release */ = {
			isa = XCBuildConfiguration;
			buildSettings = {
				ASSETCATALOG_COMPILER_APPICON_NAME = AppIcon;
				CODE_SIGN_STYLE = Automatic;
				INFOPLIST_FILE = "Coordinators Continued/Info.plist";
				LD_RUNPATH_SEARCH_PATHS = (
					"$(inherited)",
					"@executable_path/Frameworks",
				);
				PRODUCT_BUNDLE_IDENTIFIER = "com.charlesmartinreed.Coordinators-Continued";
				PRODUCT_NAME = "$(TARGET_NAME)";
				SWIFT_VERSION = 4.2;
				TARGETED_DEVICE_FAMILY = "1,2";
			};
			name = Release;
		};
/* End XCBuildConfiguration section */

/* Begin XCConfigurationList section */
		8CDDB27021FBE074004A5795 /* Build configuration list for PBXProject "Coordinators Continued" */ = {
			isa = XCConfigurationList;
			buildConfigurations = (
				8CDDB28521FBE076004A5795 /* Debug */,
				8CDDB28621FBE076004A5795 /* Release */,
			);
			defaultConfigurationIsVisible = 0;
			defaultConfigurationName = Release;
		};
		8CDDB28721FBE076004A5795 /* Build configuration list for PBXNativeTarget "Coordinators Continued" */ = {
			isa = XCConfigurationList;
			buildConfigurations = (
				8CDDB28821FBE076004A5795 /* Debug */,
				8CDDB28921FBE076004A5795 /* Release */,
			);
			defaultConfigurationIsVisible = 0;
			defaultConfigurationName = Release;
		};
/* End XCConfigurationList section */
	};
	rootObject = 8CDDB26D21FBE074004A5795 /* Project object */;
}
